
Microsoft Visual Studio Solution File, Format Version 12.00
# Visual Studio Version 17
VisualStudioVersion = 17.1.32328.378
MinimumVisualStudioVersion = 10.0.40219.1
Project("{9092AA53-FB77-4645-B42D-1CCCA6BD08BD}") = "nodenginx", "nodenginx.njsproj", "{E984B3F4-BF0C-4500-B71D-61E8E5D31678}"
EndProject
Global
	GlobalSection(SolutionConfigurationPlatforms) = preSolution
		Debug|Any CPU = Debug|Any CPU
		Release|Any CPU = Release|Any CPU
	EndGlobalSection
	GlobalSection(ProjectConfigurationPlatforms) = postSolution
		{E984B3F4-BF0C-4500-B71D-61E8E5D31678}.Debug|Any CPU.ActiveCfg = Debug|Any CPU
		{E984B3F4-BF0C-4500-B71D-61E8E5D31678}.Debug|Any CPU.Build.0 = Debug|Any CPU
		{E984B3F4-BF0C-4500-B71D-61E8E5D31678}.Release|Any CPU.ActiveCfg = Release|Any CPU
		{E984B3F4-BF0C-4500-B71D-61E8E5D31678}.Release|Any CPU.Build.0 = Release|Any CPU
	EndGlobalSection
	GlobalSection(SolutionProperties) = preSolution
		HideSolutionNode = FALSE
	EndGlobalSection
	GlobalSection(ExtensibilityGlobals) = postSolution
		SolutionGuid = {8E555197-9D71-4EE1-8F48-A9DA56C08A5C}
	EndGlobalSection
EndGlobal
